github.com/a-h/templ v0.3.977 h1:kiKAPXTZE2Iaf8JbtM21r54A8bCNsncrfnokZZSrSDg=
github.com/a-h/templ v0.3.977/go.mod h1:oCZcnKRf5jjsGpf2yELzQfodLphd2mwecwG4Crk5HBo=
github.com/a-h/templ v0.3.1001 h1:yHDTgexACdJttyiyamcTHXr2QkIeVF1MukLy44EAhMY=
github.com/a-h/templ v0.3.1001/go.mod h1:oCZcnKRf5jjsGpf2yELzQfodLphd2mwecwG4Crk5HBo=
github.com/google/go-cmp v0.6.0 h1:ofyhxvXcZhMsU5ulbFiLKl/XBFqE1GSq7atu8tAmTRI=
github.com/google/go-cmp v0.6.0/go.mod h1:17dUlkBOakJ0+DkrSSNjCkIjxS6bF9zb3elmeNGIjoY=
github.com/hegner123/modulacms/sdks/go v0.1.0 h1:Pt0kCcc4+m2UUyOMmXf5fUY/o3TfdDpPAoj3xvYp1jQ=
github.com/hegner123/modulacms/sdks/go v0.1.0/go.mod h1:ZETmlEPey/bEpT/trEwOZGaVP6shSgjyXwaGl9Aw3d0=
github.com/hegner123/modulacms/sdks/go v0.1.1 h1:3zYOSPv9BBsU9uMou6H/8MgxBjcQBpYlZNZqVnJPHQ8=
github.com/hegner123/modulacms/sdks/go v0.1.1/go.mod h1:ZETmlEPey/bEpT/trEwOZGaVP6shSgjyXwaGl9Aw3d0=
github.com/hegner123/modulacms/sdks/go v0.2.0 h1:mf/rYrDsNK3ztWFvBxNevr3PHUQ1/j5jK0NvPDyFbuI=
github.com/hegner123/modulacms/sdks/go v0.2.0/go.mod h1:ZETmlEPey/bEpT/trEwOZGaVP6shSgjyXwaGl9Aw3d0=
github.com/yuin/goldmark v1.7.17 h1:p36OVWwRb246iHxA/U4p8OPEpOTESm4n+g+8t0EE5uA=
github.com/yuin/goldmark v1.7.17/go.mod h1:ip/1k0VRfGynBgxOz0yCqHrbZXhcjxyuS66Brc7iBKg=
